// !$*UTF8*$!
{
	archiveVersion = 1;
	classes = {
	};
	objectVersion = 50;
	objects = {

/* Begin PBXBuildFile section */
		492E2B0F21878CE900106B0D /* AppDelegate.swift in Sources */ = {isa = PBXBuildFile; fileRef = 492E2B0E21878CE900106B0D /* AppDelegate.swift */; };
		492E2B1421878CE900106B0D /* Main.storyboard in Resources */ = {isa = PBXBuildFile; fileRef = 492E2B1221878CE900106B0D /* Main.storyboard */; };
		492E2B1621878CED00106B0D /* Assets.xcassets in Resources */ = {isa = PBXBuildFile; fileRef = 492E2B1521878CED00106B0D /* Assets.xcassets */; };
		492E2B1921878CED00106B0D /* LaunchScreen.storyboard in Resources */ = {isa = PBXBuildFile; fileRef = 492E2B1721878CED00106B0D /* LaunchScreen.storyboard */; };
		492E2B2621878EE900106B0D /* Note.swift in Sources */ = {isa = PBXBuildFile; fileRef = 492E2B2521878EE900106B0D /* Note.swift */; };
		492E2B2821878F2900106B0D /* NoteController.swift in Sources */ = {isa = PBXBuildFile; fileRef = 492E2B2721878F2900106B0D /* NoteController.swift */; };
		492E2B2A2187914300106B0D /* NotesViewController.swift in Sources */ = {isa = PBXBuildFile; fileRef = 492E2B292187914300106B0D /* NotesViewController.swift */; };
		492E2B2D2187969D00106B0D /* Extension+String.swift in Sources */ = {isa = PBXBuildFile; fileRef = 492E2B2C2187969D00106B0D /* Extension+String.swift */; };
		492E2B302187980900106B0D /* Appearance.swift in Sources */ = {isa = PBXBuildFile; fileRef = 492E2B2F2187980900106B0D /* Appearance.swift */; };
		492E2B362187A3DB00106B0D /* HomeViewController.swift in Sources */ = {isa = PBXBuildFile; fileRef = 492E2B352187A3DB00106B0D /* HomeViewController.swift */; };
		492E2B382187CB4E00106B0D /* NoteCell.swift in Sources */ = {isa = PBXBuildFile; fileRef = 492E2B372187CB4E00106B0D /* NoteCell.swift */; };
		492E2B3A2187CCCC00106B0D /* GlossaryCell.swift in Sources */ = {isa = PBXBuildFile; fileRef = 492E2B392187CCCC00106B0D /* GlossaryCell.swift */; };
		49F598622187DE5500B46BEB /* URLs.swift in Sources */ = {isa = PBXBuildFile; fileRef = 49F598612187DE5500B46BEB /* URLs.swift */; };
		49F598642187DFA000B46BEB /* Glossary.swift in Sources */ = {isa = PBXBuildFile; fileRef = 49F598632187DFA000B46BEB /* Glossary.swift */; };
		49F598662187DFE600B46BEB /* GlossaryController.swift in Sources */ = {isa = PBXBuildFile; fileRef = 49F598652187DFE600B46BEB /* GlossaryController.swift */; };
		49F5986A2188C72F00B46BEB /* NotesDetailViewController.swift in Sources */ = {isa = PBXBuildFile; fileRef = 49F598692188C72F00B46BEB /* NotesDetailViewController.swift */; };
		49F5986C2188F68A00B46BEB /* SettingsViewController.swift in Sources */ = {isa = PBXBuildFile; fileRef = 49F5986B2188F68A00B46BEB /* SettingsViewController.swift */; };
		49F5986E2188F6D600B46BEB /* PitchViewController.swift in Sources */ = {isa = PBXBuildFile; fileRef = 49F5986D2188F6D600B46BEB /* PitchViewController.swift */; };
		49F5987321896D2500B46BEB /* NapkinViewController.swift in Sources */ = {isa = PBXBuildFile; fileRef = 49F5987221896D2500B46BEB /* NapkinViewController.swift */; };
		49F598752189701000B46BEB /* ElevatorViewController.swift in Sources */ = {isa = PBXBuildFile; fileRef = 49F598742189701000B46BEB /* ElevatorViewController.swift */; };
		49F598772189703B00B46BEB /* PrototypeViewController.swift in Sources */ = {isa = PBXBuildFile; fileRef = 49F598762189703B00B46BEB /* PrototypeViewController.swift */; };
		49F598792189705400B46BEB /* StartUpViewController.swift in Sources */ = {isa = PBXBuildFile; fileRef = 49F598782189705400B46BEB /* StartUpViewController.swift */; };
		49F5987B2189768100B46BEB /* Deal.swift in Sources */ = {isa = PBXBuildFile; fileRef = 49F5987A2189768100B46BEB /* Deal.swift */; };
		49F5987D2189774900B46BEB /* DealController.swift in Sources */ = {isa = PBXBuildFile; fileRef = 49F5987C2189774900B46BEB /* DealController.swift */; };
		49F5987F21897AFB00B46BEB /* DealViewController.swift in Sources */ = {isa = PBXBuildFile; fileRef = 49F5987E21897AFB00B46BEB /* DealViewController.swift */; };
		49F59881218983CA00B46BEB /* GlossaryTableViewController.swift in Sources */ = {isa = PBXBuildFile; fileRef = 49F59880218983CA00B46BEB /* GlossaryTableViewController.swift */; };
		49F59883218989CA00B46BEB /* Strings.swift in Sources */ = {isa = PBXBuildFile; fileRef = 49F59882218989CA00B46BEB /* Strings.swift */; };
		49F5988B218A59D400B46BEB /* Napkin.swift in Sources */ = {isa = PBXBuildFile; fileRef = 49F5988A218A59D400B46BEB /* Napkin.swift */; };
		49F5988D218A59EE00B46BEB /* NapkinController.swift in Sources */ = {isa = PBXBuildFile; fileRef = 49F5988C218A59EE00B46BEB /* NapkinController.swift */; };
/* End PBXBuildFile section */

/* Begin PBXFileReference section */
		492E2B0B21878CE900106B0D /* venturenotes.app */ = {isa = PBXFileReference; explicitFileType = wrapper.application; includeInIndex = 0; path = venturenotes.app; sourceTree = BUILT_PRODUCTS_DIR; };
		492E2B0E21878CE900106B0D /* AppDelegate.swift */ = {isa = PBXFileReference; lastKnownFileType = sourcecode.swift; path = AppDelegate.swift; sourceTree = "<group>"; };
		492E2B1321878CE900106B0D /* Base */ = {isa = PBXFileReference; lastKnownFileType = file.storyboard; name = Base; path = Base.lproj/Main.storyboard; sourceTree = "<group>"; };
		492E2B1521878CED00106B0D /* Assets.xcassets */ = {isa = PBXFileReference; lastKnownFileType = folder.assetcatalog; path = Assets.xcassets; sourceTree = "<group>"; };
		492E2B1821878CED00106B0D /* Base */ = {isa = PBXFileReference; lastKnownFileType = file.storyboard; name = Base; path = Base.lproj/LaunchScreen.storyboard; sourceTree = "<group>"; };
		492E2B1A21878CED00106B0D /* Info.plist */ = {isa = PBXFileReference; lastKnownFileType = text.plist.xml; path = Info.plist; sourceTree = "<group>"; };
		492E2B2521878EE900106B0D /* Note.swift */ = {isa = PBXFileReference; lastKnownFileType = sourcecode.swift; path = Note.swift; sourceTree = "<group>"; };
		492E2B2721878F2900106B0D /* NoteController.swift */ = {isa = PBXFileReference; lastKnownFileType = sourcecode.swift; path = NoteController.swift; sourceTree = "<group>"; };
		492E2B292187914300106B0D /* NotesViewController.swift */ = {isa = PBXFileReference; lastKnownFileType = sourcecode.swift; path = NotesViewController.swift; sourceTree = "<group>"; };
		492E2B2C2187969D00106B0D /* Extension+String.swift */ = {isa = PBXFileReference; lastKnownFileType = sourcecode.swift; path = "Extension+String.swift"; sourceTree = "<group>"; };
		492E2B2F2187980900106B0D /* Appearance.swift */ = {isa = PBXFileReference; lastKnownFileType = sourcecode.swift; path = Appearance.swift; sourceTree = "<group>"; };
		492E2B352187A3DB00106B0D /* HomeViewController.swift */ = {isa = PBXFileReference; lastKnownFileType = sourcecode.swift; path = HomeViewController.swift; sourceTree = "<group>"; };
		492E2B372187CB4E00106B0D /* NoteCell.swift */ = {isa = PBXFileReference; lastKnownFileType = sourcecode.swift; path = NoteCell.swift; sourceTree = "<group>"; };
		492E2B392187CCCC00106B0D /* GlossaryCell.swift */ = {isa = PBXFileReference; lastKnownFileType = sourcecode.swift; path = GlossaryCell.swift; sourceTree = "<group>"; };
		49F598612187DE5500B46BEB /* URLs.swift */ = {isa = PBXFileReference; lastKnownFileType = sourcecode.swift; path = URLs.swift; sourceTree = "<group>"; };
		49F598632187DFA000B46BEB /* Glossary.swift */ = {isa = PBXFileReference; lastKnownFileType = sourcecode.swift; path = Glossary.swift; sourceTree = "<group>"; };
		49F598652187DFE600B46BEB /* GlossaryController.swift */ = {isa = PBXFileReference; lastKnownFileType = sourcecode.swift; path = GlossaryController.swift; sourceTree = "<group>"; };
		49F598692188C72F00B46BEB /* NotesDetailViewController.swift */ = {isa = PBXFileReference; lastKnownFileType = sourcecode.swift; path = NotesDetailViewController.swift; sourceTree = "<group>"; };
		49F5986B2188F68A00B46BEB /* SettingsViewController.swift */ = {isa = PBXFileReference; lastKnownFileType = sourcecode.swift; path = SettingsViewController.swift; sourceTree = "<group>"; };
		49F5986D2188F6D600B46BEB /* PitchViewController.swift */ = {isa = PBXFileReference; lastKnownFileType = sourcecode.swift; path = PitchViewController.swift; sourceTree = "<group>"; };
		49F5987221896D2500B46BEB /* NapkinViewController.swift */ = {isa = PBXFileReference; lastKnownFileType = sourcecode.swift; path = NapkinViewController.swift; sourceTree = "<group>"; };
		49F598742189701000B46BEB /* ElevatorViewController.swift */ = {isa = PBXFileReference; lastKnownFileType = sourcecode.swift; path = ElevatorViewController.swift; sourceTree = "<group>"; };
		49F598762189703B00B46BEB /* PrototypeViewController.swift */ = {isa = PBXFileReference; lastKnownFileType = sourcecode.swift; path = PrototypeViewController.swift; sourceTree = "<group>"; };
		49F598782189705400B46BEB /* StartUpViewController.swift */ = {isa = PBXFileReference; lastKnownFileType = sourcecode.swift; path = StartUpViewController.swift; sourceTree = "<group>"; };
		49F5987A2189768100B46BEB /* Deal.swift */ = {isa = PBXFileReference; lastKnownFileType = sourcecode.swift; path = Deal.swift; sourceTree = "<group>"; };
		49F5987C2189774900B46BEB /* DealController.swift */ = {isa = PBXFileReference; lastKnownFileType = sourcecode.swift; path = DealController.swift; sourceTree = "<group>"; };
		49F5987E21897AFB00B46BEB /* DealViewController.swift */ = {isa = PBXFileReference; lastKnownFileType = sourcecode.swift; path = DealViewController.swift; sourceTree = "<group>"; };
		49F59880218983CA00B46BEB /* GlossaryTableViewController.swift */ = {isa = PBXFileReference; lastKnownFileType = sourcecode.swift; path = GlossaryTableViewController.swift; sourceTree = "<group>"; };
		49F59882218989CA00B46BEB /* Strings.swift */ = {isa = PBXFileReference; lastKnownFileType = sourcecode.swift; path = Strings.swift; sourceTree = "<group>"; };
		49F5988A218A59D400B46BEB /* Napkin.swift */ = {isa = PBXFileReference; lastKnownFileType = sourcecode.swift; path = Napkin.swift; sourceTree = "<group>"; };
		49F5988C218A59EE00B46BEB /* NapkinController.swift */ = {isa = PBXFileReference; lastKnownFileType = sourcecode.swift; path = NapkinController.swift; sourceTree = "<group>"; };
/* End PBXFileReference section */

/* Begin PBXFrameworksBuildPhase section */
		492E2B0821878CE900106B0D /* Frameworks */ = {
			isa = PBXFrameworksBuildPhase;
			buildActionMask = 2147483647;
			files = (
			);
			runOnlyForDeploymentPostprocessing = 0;
		};
/* End PBXFrameworksBuildPhase section */

/* Begin PBXGroup section */
		492E2B0221878CE900106B0D = {
			isa = PBXGroup;
			children = (
				492E2B0D21878CE900106B0D /* venturenotes */,
				492E2B0C21878CE900106B0D /* Products */,
			);
			sourceTree = "<group>";
		};
		492E2B0C21878CE900106B0D /* Products */ = {
			isa = PBXGroup;
			children = (
				492E2B0B21878CE900106B0D /* venturenotes.app */,
			);
			name = Products;
			sourceTree = "<group>";
		};
		492E2B0D21878CE900106B0D /* venturenotes */ = {
			isa = PBXGroup;
			children = (
				492E2B2021878CFC00106B0D /* Resources */,
				492E2B2421878E8600106B0D /* Model */,
				49F59884218A581F00B46BEB /* Pitch Model */,
				49F5988A218A59D400B46BEB /* Napkin.swift */,
				492E2B2321878E7D00106B0D /* Model Controller */,
				49F59887218A58D400B46BEB /* Pitch Model Controller */,
				492E2B2221878E7700106B0D /* Views */,
				492E2B2121878E7100106B0D /* Controllers */,
				49F5987121896D0A00B46BEB /* Pitch Controllers */,
				49F598602187DE4200B46BEB /* URLs */,
				492E2B2B2187967500106B0D /* Extension+String */,
				492E2B2E218797F700106B0D /* Appearance */,
			);
			path = venturenotes;
			sourceTree = "<group>";
		};
		492E2B2021878CFC00106B0D /* Resources */ = {
			isa = PBXGroup;
			children = (
				492E2B0E21878CE900106B0D /* AppDelegate.swift */,
				492E2B1221878CE900106B0D /* Main.storyboard */,
				492E2B1A21878CED00106B0D /* Info.plist */,
			);
			path = Resources;
			sourceTree = "<group>";
		};
		492E2B2121878E7100106B0D /* Controllers */ = {
			isa = PBXGroup;
			children = (
				492E2B352187A3DB00106B0D /* HomeViewController.swift */,
				49F5987E21897AFB00B46BEB /* DealViewController.swift */,
				492E2B292187914300106B0D /* NotesViewController.swift */,
				49F598692188C72F00B46BEB /* NotesDetailViewController.swift */,
				49F5986B2188F68A00B46BEB /* SettingsViewController.swift */,
				49F59880218983CA00B46BEB /* GlossaryTableViewController.swift */,
				49F5986D2188F6D600B46BEB /* PitchViewController.swift */,
			);
			path = Controllers;
			sourceTree = "<group>";
		};
		492E2B2221878E7700106B0D /* Views */ = {
			isa = PBXGroup;
			children = (
				492E2B372187CB4E00106B0D /* NoteCell.swift */,
				492E2B392187CCCC00106B0D /* GlossaryCell.swift */,
				492E2B1521878CED00106B0D /* Assets.xcassets */,
				492E2B1721878CED00106B0D /* LaunchScreen.storyboard */,
			);
			path = Views;
			sourceTree = "<group>";
		};
		492E2B2321878E7D00106B0D /* Model Controller */ = {
			isa = PBXGroup;
			children = (
				492E2B2721878F2900106B0D /* NoteController.swift */,
				49F598652187DFE600B46BEB /* GlossaryController.swift */,
				49F5987C2189774900B46BEB /* DealController.swift */,
			);
			path = "Model Controller";
			sourceTree = "<group>";
		};
		492E2B2421878E8600106B0D /* Model */ = {
			isa = PBXGroup;
			children = (
				492E2B2521878EE900106B0D /* Note.swift */,
				49F598632187DFA000B46BEB /* Glossary.swift */,
				49F5987A2189768100B46BEB /* Deal.swift */,
				49F59882218989CA00B46BEB /* Strings.swift */,
			);
			path = Model;
			sourceTree = "<group>";
		};
		492E2B2B2187967500106B0D /* Extension+String */ = {
			isa = PBXGroup;
			children = (
				492E2B2C2187969D00106B0D /* Extension+String.swift */,
			);
			path = "Extension+String";
			sourceTree = "<group>";
		};
		492E2B2E218797F700106B0D /* Appearance */ = {
			isa = PBXGroup;
			children = (
				492E2B2F2187980900106B0D /* Appearance.swift */,
			);
			path = Appearance;
			sourceTree = "<group>";
		};
		49F598602187DE4200B46BEB /* URLs */ = {
			isa = PBXGroup;
			children = (
				49F598612187DE5500B46BEB /* URLs.swift */,
			);
			path = URLs;
			sourceTree = "<group>";
		};
		49F5987121896D0A00B46BEB /* Pitch Controllers */ = {
			isa = PBXGroup;
			children = (
				49F5987221896D2500B46BEB /* NapkinViewController.swift */,
				49F598742189701000B46BEB /* ElevatorViewController.swift */,
				49F598762189703B00B46BEB /* PrototypeViewController.swift */,
				49F598782189705400B46BEB /* StartUpViewController.swift */,
			);
			path = "Pitch Controllers";
			sourceTree = "<group>";
		};
		49F59884218A581F00B46BEB /* Pitch Model */ = {
			isa = PBXGroup;
			children = (
			);
			path = "Pitch Model";
			sourceTree = "<group>";
		};
		49F59887218A58D400B46BEB /* Pitch Model Controller */ = {
			isa = PBXGroup;
			children = (
				49F5988C218A59EE00B46BEB /* NapkinController.swift */,
			);
			path = "Pitch Model Controller";
			sourceTree = "<group>";
		};
/* End PBXGroup section */

/* Begin PBXNativeTarget section */
		492E2B0A21878CE900106B0D /* venturenotes */ = {
			isa = PBXNativeTarget;
			buildConfigurationList = 492E2B1D21878CED00106B0D /* Build configuration list for PBXNativeTarget "venturenotes" */;
			buildPhases = (
				492E2B0721878CE900106B0D /* Sources */,
				492E2B0821878CE900106B0D /* Frameworks */,
				492E2B0921878CE900106B0D /* Resources */,
			);
			buildRules = (
			);
			dependencies = (
			);
			name = venturenotes;
			productName = venturenotes;
			productReference = 492E2B0B21878CE900106B0D /* venturenotes.app */;
			productType = "com.apple.product-type.application";
		};
/* End PBXNativeTarget section */

/* Begin PBXProject section */
		492E2B0321878CE900106B0D /* Project object */ = {
			isa = PBXProject;
			attributes = {
				LastSwiftUpdateCheck = 1000;
				LastUpgradeCheck = 1000;
				ORGANIZATIONNAME = "David Doswell";
				TargetAttributes = {
					492E2B0A21878CE900106B0D = {
						CreatedOnToolsVersion = 10.0;
					};
				};
			};
			buildConfigurationList = 492E2B0621878CE900106B0D /* Build configuration list for PBXProject "venturenotes" */;
			compatibilityVersion = "Xcode 9.3";
			developmentRegion = en;
			hasScannedForEncodings = 0;
			knownRegions = (
				en,
				Base,
			);
			mainGroup = 492E2B0221878CE900106B0D;
			productRefGroup = 492E2B0C21878CE900106B0D /* Products */;
			projectDirPath = "";
			projectRoot = "";
			targets = (
				492E2B0A21878CE900106B0D /* venturenotes */,
			);
		};
/* End PBXProject section */

/* Begin PBXResourcesBuildPhase section */
		492E2B0921878CE900106B0D /* Resources */ = {
			isa = PBXResourcesBuildPhase;
			buildActionMask = 2147483647;
			files = (
				492E2B1921878CED00106B0D /* LaunchScreen.storyboard in Resources */,
				492E2B1621878CED00106B0D /* Assets.xcassets in Resources */,
				492E2B1421878CE900106B0D /* Main.storyboard in Resources */,
			);
			runOnlyForDeploymentPostprocessing = 0;
		};
/* End PBXResourcesBuildPhase section */

/* Begin PBXSourcesBuildPhase section */
		492E2B0721878CE900106B0D /* Sources */ = {
			isa = PBXSourcesBuildPhase;
			buildActionMask = 2147483647;
			files = (
				49F598792189705400B46BEB /* StartUpViewController.swift in Sources */,
				492E2B2D2187969D00106B0D /* Extension+String.swift in Sources */,
				49F5988B218A59D400B46BEB /* Napkin.swift in Sources */,
				492E2B3A2187CCCC00106B0D /* GlossaryCell.swift in Sources */,
				49F5988D218A59EE00B46BEB /* NapkinController.swift in Sources */,
				492E2B302187980900106B0D /* Appearance.swift in Sources */,
				49F5987F21897AFB00B46BEB /* DealViewController.swift in Sources */,
				49F598622187DE5500B46BEB /* URLs.swift in Sources */,
				49F5987321896D2500B46BEB /* NapkinViewController.swift in Sources */,
				49F5987B2189768100B46BEB /* Deal.swift in Sources */,
				492E2B2A2187914300106B0D /* NotesViewController.swift in Sources */,
				492E2B362187A3DB00106B0D /* HomeViewController.swift in Sources */,
				49F59883218989CA00B46BEB /* Strings.swift in Sources */,
				492E2B0F21878CE900106B0D /* AppDelegate.swift in Sources */,
				49F598772189703B00B46BEB /* PrototypeViewController.swift in Sources */,
				49F5986A2188C72F00B46BEB /* NotesDetailViewController.swift in Sources */,
				49F59881218983CA00B46BEB /* GlossaryTableViewController.swift in Sources */,
				49F5986C2188F68A00B46BEB /* SettingsViewController.swift in Sources */,
				49F598752189701000B46BEB /* ElevatorViewController.swift in Sources */,
				492E2B382187CB4E00106B0D /* NoteCell.swift in Sources */,
				492E2B2821878F2900106B0D /* NoteController.swift in Sources */,
				49F5986E2188F6D600B46BEB /* PitchViewController.swift in Sources */,
				49F598642187DFA000B46BEB /* Glossary.swift in Sources */,
				492E2B2621878EE900106B0D /* Note.swift in Sources */,
				49F598662187DFE600B46BEB /* GlossaryController.swift in Sources */,
				49F5987D2189774900B46BEB /* DealController.swift in Sources */,
			);
			runOnlyForDeploymentPostprocessing = 0;
		};
/* End PBXSourcesBuildPhase section */

/* Begin PBXVariantGroup section */
		492E2B1221878CE900106B0D /* Main.storyboard */ = {
			isa = PBXVariantGroup;
			children = (
				492E2B1321878CE900106B0D /* Base */,
			);
			name = Main.storyboard;
			sourceTree = "<group>";
		};
		492E2B1721878CED00106B0D /* LaunchScreen.storyboard */ = {
			isa = PBXVariantGroup;
			children = (
				492E2B1821878CED00106B0D /* Base */,
			);
			name = LaunchScreen.storyboard;
			sourceTree = "<group>";
		};
/* End PBXVariantGroup section */

/* Begin XCBuildConfiguration section */
		492E2B1B21878CED00106B0D /* Debug */ = {
			isa = XCBuildConfiguration;
			buildSettings = {
				ALWAYS_SEARCH_USER_PATHS = NO;
				CLANG_ANALYZER_NONNULL = YES;
				CLANG_ANALYZER_NUMBER_OBJECT_CONVERSION = YES_AGGRESSIVE;
				CLANG_CXX_LANGUAGE_STANDARD = "gnu++14";
				CLANG_CXX_LIBRARY = "libc++";
				CLANG_ENABLE_MODULES = YES;
				CLANG_ENABLE_OBJC_ARC = YES;
				CLANG_ENABLE_OBJC_WEAK = YES;
				CLANG_WARN_BLOCK_CAPTURE_AUTORELEASING = YES;
				CLANG_WARN_BOOL_CONVERSION = YES;
				CLANG_WARN_COMMA = YES;
				CLANG_WARN_CONSTANT_CONVERSION = YES;
				CLANG_WARN_DEPRECATED_OBJC_IMPLEMENTATIONS = YES;
				CLANG_WARN_DIRECT_OBJC_ISA_USAGE = YES_ERROR;
				CLANG_WARN_DOCUMENTATION_COMMENTS = YES;
				CLANG_WARN_EMPTY_BODY = YES;
				CLANG_WARN_ENUM_CONVERSION = YES;
				CLANG_WARN_INFINITE_RECURSION = YES;
				CLANG_WARN_INT_CONVERSION = YES;
				CLANG_WARN_NON_LITERAL_NULL_CONVERSION = YES;
				CLANG_WARN_OBJC_IMPLICIT_RETAIN_SELF = YES;
				CLANG_WARN_OBJC_LITERAL_CONVERSION = YES;
				CLANG_WARN_OBJC_ROOT_CLASS = YES_ERROR;
				CLANG_WARN_RANGE_LOOP_ANALYSIS = YES;
				CLANG_WARN_STRICT_PROTOTYPES = YES;
				CLANG_WARN_SUSPICIOUS_MOVE = YES;
				CLANG_WARN_UNGUARDED_AVAILABILITY = YES_AGGRESSIVE;
				CLANG_WARN_UNREACHABLE_CODE = YES;
				CLANG_WARN__DUPLICATE_METHOD_MATCH = YES;
				CODE_SIGN_IDENTITY = "iPhone Developer";
				COPY_PHASE_STRIP = NO;
				DEBUG_INFORMATION_FORMAT = dwarf;
				ENABLE_STRICT_OBJC_MSGSEND = YES;
				ENABLE_TESTABILITY = YES;
				GCC_C_LANGUAGE_STANDARD = gnu11;
				GCC_DYNAMIC_NO_PIC = NO;
				GCC_NO_COMMON_BLOCKS = YES;
				GCC_OPTIMIZATION_LEVEL = 0;
				GCC_PREPROCESSOR_DEFINITIONS = (
					"DEBUG=1",
					"$(inherited)",
				);
				GCC_WARN_64_TO_32_BIT_CONVERSION = YES;
				GCC_WARN_ABOUT_RETURN_TYPE = YES_ERROR;
				GCC_WARN_UNDECLARED_SELECTOR = YES;
				GCC_WARN_UNINITIALIZED_AUTOS = YES_AGGRESSIVE;
				GCC_WARN_UNUSED_FUNCTION = YES;
				GCC_WARN_UNUSED_VARIABLE = YES;
				IPHONEOS_DEPLOYMENT_TARGET = 12.0;
				MTL_ENABLE_DEBUG_INFO = INCLUDE_SOURCE;
				MTL_FAST_MATH = YES;
				ONLY_ACTIVE_ARCH = YES;
				SDKROOT = iphoneos;
				SWIFT_ACTIVE_COMPILATION_CONDITIONS = DEBUG;
				SWIFT_OPTIMIZATION_LEVEL = "-Onone";
			};
			name = Debug;
		};
		492E2B1C21878CED00106B0D /* Release */ = {
			isa = XCBuildConfiguration;
			buildSettings = {
				ALWAYS_SEARCH_USER_PATHS = NO;
				CLANG_ANALYZER_NONNULL = YES;
				CLANG_ANALYZER_NUMBER_OBJECT_CONVERSION = YES_AGGRESSIVE;
				CLANG_CXX_LANGUAGE_STANDARD = "gnu++14";
				CLANG_CXX_LIBRARY = "libc++";
				CLANG_ENABLE_MODULES = YES;
				CLANG_ENABLE_OBJC_ARC = YES;
				CLANG_ENABLE_OBJC_WEAK = YES;
				CLANG_WARN_BLOCK_CAPTURE_AUTORELEASING = YES;
				CLANG_WARN_BOOL_CONVERSION = YES;
				CLANG_WARN_COMMA = YES;
				CLANG_WARN_CONSTANT_CONVERSION = YES;
				CLANG_WARN_DEPRECATED_OBJC_IMPLEMENTATIONS = YES;
				CLANG_WARN_DIRECT_OBJC_ISA_USAGE = YES_ERROR;
				CLANG_WARN_DOCUMENTATION_COMMENTS = YES;
				CLANG_WARN_EMPTY_BODY = YES;
				CLANG_WARN_ENUM_CONVERSION = YES;
				CLANG_WARN_INFINITE_RECURSION = YES;
				CLANG_WARN_INT_CONVERSION = YES;
				CLANG_WARN_NON_LITERAL_NULL_CONVERSION = YES;
				CLANG_WARN_OBJC_IMPLICIT_RETAIN_SELF = YES;
				CLANG_WARN_OBJC_LITERAL_CONVERSION = YES;
				CLANG_WARN_OBJC_ROOT_CLASS = YES_ERROR;
				CLANG_WARN_RANGE_LOOP_ANALYSIS = YES;
				CLANG_WARN_STRICT_PROTOTYPES = YES;
				CLANG_WARN_SUSPICIOUS_MOVE = YES;
				CLANG_WARN_UNGUARDED_AVAILABILITY = YES_AGGRESSIVE;
				CLANG_WARN_UNREACHABLE_CODE = YES;
				CLANG_WARN__DUPLICATE_METHOD_MATCH = YES;
				CODE_SIGN_IDENTITY = "iPhone Developer";
				COPY_PHASE_STRIP = NO;
				DEBUG_INFORMATION_FORMAT = "dwarf-with-dsym";
				ENABLE_NS_ASSERTIONS = NO;
				ENABLE_STRICT_OBJC_MSGSEND = YES;
				GCC_C_LANGUAGE_STANDARD = gnu11;
				GCC_NO_COMMON_BLOCKS = YES;
				GCC_WARN_64_TO_32_BIT_CONVERSION = YES;
				GCC_WARN_ABOUT_RETURN_TYPE = YES_ERROR;
				GCC_WARN_UNDECLARED_SELECTOR = YES;
				GCC_WARN_UNINITIALIZED_AUTOS = YES_AGGRESSIVE;
				GCC_WARN_UNUSED_FUNCTION = YES;
				GCC_WARN_UNUSED_VARIABLE = YES;
				IPHONEOS_DEPLOYMENT_TARGET = 12.0;
				MTL_ENABLE_DEBUG_INFO = NO;
				MTL_FAST_MATH = YES;
				SDKROOT = iphoneos;
				SWIFT_COMPILATION_MODE = wholemodule;
				SWIFT_OPTIMIZATION_LEVEL = "-O";
				VALIDATE_PRODUCT = YES;
			};
			name = Release;
		};
		492E2B1E21878CED00106B0D /* Debug */ = {
			isa = XCBuildConfiguration;
			buildSettings = {
				ASSETCATALOG_COMPILER_APPICON_NAME = AppIcon;
				CODE_SIGN_STYLE = Automatic;
				DEVELOPMENT_TEAM = WEBVY2C5S6;
				INFOPLIST_FILE = "$(SRCROOT)/venturenotes/Resources/Info.plist";
				LD_RUNPATH_SEARCH_PATHS = (
					"$(inherited)",
					"@executable_path/Frameworks",
				);
				PRODUCT_BUNDLE_IDENTIFIER = com.doswelloliverdavid.venturenotes;
				PRODUCT_NAME = "$(TARGET_NAME)";
				SWIFT_VERSION = 4.2;
				TARGETED_DEVICE_FAMILY = 1;
			};
			name = Debug;
		};
		492E2B1F21878CED00106B0D /* Release */ = {
			isa = XCBuildConfiguration;
			buildSettings = {
				ASSETCATALOG_COMPILER_APPICON_NAME = AppIcon;
				CODE_SIGN_STYLE = Automatic;
				DEVELOPMENT_TEAM = WEBVY2C5S6;
				INFOPLIST_FILE = "$(SRCROOT)/venturenotes/Resources/Info.plist";
				LD_RUNPATH_SEARCH_PATHS = (
					"$(inherited)",
					"@executable_path/Frameworks",
				);
				PRODUCT_BUNDLE_IDENTIFIER = com.doswelloliverdavid.venturenotes;
				PRODUCT_NAME = "$(TARGET_NAME)";
				SWIFT_VERSION = 4.2;
				TARGETED_DEVICE_FAMILY = 1;
			};
			name = Release;
		};
/* End XCBuildConfiguration section */

/* Begin XCConfigurationList section */
		492E2B0621878CE900106B0D /* Build configuration list for PBXProject "venturenotes" */ = {
			isa = XCConfigurationList;
			buildConfigurations = (
				492E2B1B21878CED00106B0D /* Debug */,
				492E2B1C21878CED00106B0D /* Release */,
			);
			defaultConfigurationIsVisible = 0;
			defaultConfigurationName = Release;
		};
		492E2B1D21878CED00106B0D /* Build configuration list for PBXNativeTarget "venturenotes" */ = {
			isa = XCConfigurationList;
			buildConfigurations = (
				492E2B1E21878CED00106B0D /* Debug */,
				492E2B1F21878CED00106B0D /* Release */,
			);
			defaultConfigurationIsVisible = 0;
			defaultConfigurationName = Release;
		};
/* End XCConfigurationList section */
	};
	rootObject = 492E2B0321878CE900106B0D /* Project object */;
}
